
Microsoft Visual Studio Solution File, Format Version 12.00
# Visual Studio Version 17
VisualStudioVersion = 17.5.33530.505
MinimumVisualStudioVersion = 10.0.40219.1
Project("{FAE04EC0-301F-11D3-BF4B-00C04F79EFBC}") = "GitIv", "GitIv.csproj", "{31101F5A-CD88-4091-A144-99D31DBA8871}"
EndProject
Global
	GlobalSection(SolutionConfigurationPlatforms) = preSolution
		Debug|Any CPU = Debug|Any CPU
		Release|Any CPU = Release|Any CPU
	EndGlobalSection
	GlobalSection(ProjectConfigurationPlatforms) = postSolution
		{31101F5A-CD88-4091-A144-99D31DBA8871}.Debug|Any CPU.ActiveCfg = Debug|Any CPU
		{31101F5A-CD88-4091-A144-99D31DBA8871}.Debug|Any CPU.Build.0 = Debug|Any CPU
		{31101F5A-CD88-4091-A144-99D31DBA8871}.Release|Any CPU.ActiveCfg = Release|Any CPU
		{31101F5A-CD88-4091-A144-99D31DBA8871}.Release|Any CPU.Build.0 = Release|Any CPU
	EndGlobalSection
	GlobalSection(SolutionProperties) = preSolution
		HideSolutionNode = FALSE
	EndGlobalSection
	GlobalSection(ExtensibilityGlobals) = postSolution
		SolutionGuid = {7B45E60A-5A84-4EA6-957E-880579911704}
	EndGlobalSection
EndGlobal
